
Microsoft Visual Studio Solution File, Format Version 12.00
# Visual Studio Version 17
VisualStudioVersion = 17.10.34916.146
MinimumVisualStudioVersion = 10.0.40219.1
Project("{9A19103F-16F7-4668-BE54-9A1E7A4F7556}") = "Data", "Data\Data.csproj", "{C5D4A906-0849-4D92-8D82-45EE7A9F8330}"
EndProject
Project("{9A19103F-16F7-4668-BE54-9A1E7A4F7556}") = "DataTests", "DataTests\DataTests.csproj", "{2152A8A0-F258-4C6F-A79E-30DB16F79BC6}"
EndProject
Project("{FAE04EC0-301F-11D3-BF4B-00C04F79EFBC}") = "PointOfSale", "PointOfSale\PointOfSale.csproj", "{3BAF0BD2-F030-494E-B808-674E2F1646B5}"
EndProject
Global
	GlobalSection(SolutionConfigurationPlatforms) = preSolution
		Debug|Any CPU = Debug|Any CPU
		Release|Any CPU = Release|Any CPU
	EndGlobalSection
	GlobalSection(ProjectConfigurationPlatforms) = postSolution
		{C5D4A906-0849-4D92-8D82-45EE7A9F8330}.Debug|Any CPU.ActiveCfg = Debug|Any CPU
		{C5D4A906-0849-4D92-8D82-45EE7A9F8330}.Debug|Any CPU.Build.0 = Debug|Any CPU
		{C5D4A906-0849-4D92-8D82-45EE7A9F8330}.Release|Any CPU.ActiveCfg = Release|Any CPU
		{C5D4A906-0849-4D92-8D82-45EE7A9F8330}.Release|Any CPU.Build.0 = Release|Any CPU
		{2152A8A0-F258-4C6F-A79E-30DB16F79BC6}.Debug|Any CPU.ActiveCfg = Debug|Any CPU
		{2152A8A0-F258-4C6F-A79E-30DB16F79BC6}.Debug|Any CPU.Build.0 = Debug|Any CPU
		{2152A8A0-F258-4C6F-A79E-30DB16F79BC6}.Release|Any CPU.ActiveCfg = Release|Any CPU
		{2152A8A0-F258-4C6F-A79E-30DB16F79BC6}.Release|Any CPU.Build.0 = Release|Any CPU
		{3BAF0BD2-F030-494E-B808-674E2F1646B5}.Debug|Any CPU.ActiveCfg = Debug|Any CPU
		{3BAF0BD2-F030-494E-B808-674E2F1646B5}.Debug|Any CPU.Build.0 = Debug|Any CPU
		{3BAF0BD2-F030-494E-B808-674E2F1646B5}.Release|Any CPU.ActiveCfg = Release|Any CPU
		{3BAF0BD2-F030-494E-B808-674E2F1646B5}.Release|Any CPU.Build.0 = Release|Any CPU
	EndGlobalSection
	GlobalSection(SolutionProperties) = preSolution
		HideSolutionNode = FALSE
	EndGlobalSection
	GlobalSection(ExtensibilityGlobals) = postSolution
		SolutionGuid = {1D153EBF-E237-4157-A4CF-DD46CE1BAA94}
	EndGlobalSection
EndGlobal
